
Microsoft Visual Studio Solution File, Format Version 12.00
# Visual Studio Version 17
VisualStudioVersion = 17.4.33205.214
MinimumVisualStudioVersion = 10.0.40219.1
Project("{9A19103F-16F7-4668-BE54-9A1E7A4F7556}") = "BasicConnection", "ExamplesClientManaged\BasicConnection\BasicConnection.csproj", "{F0F38B93-3D5D-460F-9071-34DC56E49B5D}"
EndProject
Project("{9A19103F-16F7-4668-BE54-9A1E7A4F7556}") = "AppUpload", "ExamplesClientManaged\AppUpload\AppUpload.csproj", "{64D9ECEC-691E-4BC3-BA76-1875A68203D3}"
EndProject
Project("{9A19103F-16F7-4668-BE54-9A1E7A4F7556}") = "BasicConnectionCertificateFromFile", "ExamplesClientManaged\BasicConnectionCertificateFromFile\BasicConnectionCertificateFromFile.csproj", "{73E125CA-8CCE-4469-A6B4-81E9FFBAA5C0}"
EndProject
Project("{9A19103F-16F7-4668-BE54-9A1E7A4F7556}") = "BasicConnectionCertificateFromStore", "ExamplesClientManaged\BasicConnectionCertificateFromStore\BasicConnectionCertificateFromStore.csproj", "{3A3A5F3E-BE02-4F05-9A13-30FF8453E41C}"
EndProject
Project("{9A19103F-16F7-4668-BE54-9A1E7A4F7556}") = "CreateStream", "ExamplesClientManaged\CreateStream\CreateStream.csproj", "{4D99463D-8107-437E-ABC7-9FA4202BCA4C}"
EndProject
Project("{9A19103F-16F7-4668-BE54-9A1E7A4F7556}") = "PublishApp", "ExamplesClientManaged\PublishApp\PublishApp.csproj", "{D1AAB621-E576-4A8D-8126-85B74B12C810}"
EndProject
Project("{9A19103F-16F7-4668-BE54-9A1E7A4F7556}") = "AppExport", "ExamplesClientManaged\AppExport\AppExport.csproj", "{C3D330AE-824E-42EE-BA1A-1EB63E726696}"
EndProject
Project("{2150E333-8FDC-42A3-9474-1A3956D46DE8}") = "Solution Items", "Solution Items", "{02E270F2-0394-4024-8292-37EA17436C07}"
	ProjectSection(SolutionItems) = preProject
		.editorconfig = .editorconfig
		Qlik.Sense.RestClient.nuspec.template = Qlik.Sense.RestClient.nuspec.template
		..\README.md = ..\README.md
		..\ReleaseNotes.md = ..\ReleaseNotes.md
	EndProjectSection
EndProject
Project("{9A19103F-16F7-4668-BE54-9A1E7A4F7556}") = "Qlik.Sense.RestClient", "Qlik.Sense.RestClient\Qlik.Sense.RestClient.csproj", "{C4EED96D-3873-45C9-9C42-4F383ABF6F05}"
EndProject
Project("{9A19103F-16F7-4668-BE54-9A1E7A4F7556}") = "Qlik.Sense.Jwt", "Qlik.Sense.Jwt\Qlik.Sense.Jwt.csproj", "{1368BB65-C47A-4F07-B7BF-E8BD499526B2}"
EndProject
Project("{9A19103F-16F7-4668-BE54-9A1E7A4F7556}") = "ListAppsInAllStreams", "ExamplesClientManaged\ListAppsInAllStreams\ListAppsInAllStreams.csproj", "{1B0976A8-9280-4403-8B01-828C17313A10}"
EndProject
Project("{9A19103F-16F7-4668-BE54-9A1E7A4F7556}") = "ExportExcel", "ExamplesQcs\ExportExcel\ExportExcel.csproj", "{74E19033-AAFE-4550-BE32-62C7EB51C939}"
EndProject
Project("{9A19103F-16F7-4668-BE54-9A1E7A4F7556}") = "ImportExtension", "ExamplesQcs\ImportExtension\ImportExtension.csproj", "{9D2F8DF0-B13C-4BDE-B9CF-BE033C1A47A3}"
EndProject
Project("{9A19103F-16F7-4668-BE54-9A1E7A4F7556}") = "AppExport", "ExamplesQcs\AppExport\AppExport.csproj", "{5101E581-CA3F-47D0-90C9-E52DEBB98B95}"
EndProject
Project("{9A19103F-16F7-4668-BE54-9A1E7A4F7556}") = "ConnectApiKey", "ExamplesQcs\ConnectApiKey\ConnectApiKey.csproj", "{4C08115D-AF41-4CA6-B221-3D042B779910}"
EndProject
Project("{9A19103F-16F7-4668-BE54-9A1E7A4F7556}") = "ConnectJwt", "ExamplesQcs\ConnectJwt\ConnectJwt.csproj", "{C45E56CE-FEDE-4882-8857-B2260F2A2FD7}"
EndProject
Project("{9A19103F-16F7-4668-BE54-9A1E7A4F7556}") = "UploadDataFile", "ExamplesQcs\UploadDataFile\UploadDataFile.csproj", "{CAA53B6D-058E-4051-BF37-EC63A383C34B}"
EndProject
Project("{9A19103F-16F7-4668-BE54-9A1E7A4F7556}") = "ExportPdf", "ExamplesQcs\ExportPdf\ExportPdf.csproj", "{CD9FBF6D-D57D-4090-A8FE-713DB1937021}"
EndProject
Project("{2150E333-8FDC-42A3-9474-1A3956D46DE8}") = "ExamplesQcs", "ExamplesQcs", "{36E045ED-754D-4D8F-8419-7A81E8BB102F}"
EndProject
Project("{2150E333-8FDC-42A3-9474-1A3956D46DE8}") = "ExamplesClientManaged", "ExamplesClientManaged", "{38AD5232-8F19-4F27-B2C0-BDE98EA1E7BA}"
EndProject
Project("{9A19103F-16F7-4668-BE54-9A1E7A4F7556}") = "ListAllApps", "ExamplesQcs\ListAllApps\ListAllApps.csproj", "{5884A77D-3298-4611-AC39-D72BDB7F8818}"
EndProject
Project("{9A19103F-16F7-4668-BE54-9A1E7A4F7556}") = "AppUpload", "ExamplesQcs\AppUpload\AppUpload.csproj", "{D54A1CDE-11A1-4ADB-AF95-8BC7529CC42F}"
EndProject
Project("{FAE04EC0-301F-11D3-BF4B-00C04F79EFBC}") = "ConnectOAuthBrowser", "ExamplesQcs\ConnectOAuthBrowser\ConnectOAuthBrowser.csproj", "{03742645-0DA1-4966-ABFE-206F78C300AD}"
EndProject
Global
	GlobalSection(SolutionConfigurationPlatforms) = preSolution
		Debug|Any CPU = Debug|Any CPU
		Release|Any CPU = Release|Any CPU
	EndGlobalSection
	GlobalSection(ProjectConfigurationPlatforms) = postSolution
		{F0F38B93-3D5D-460F-9071-34DC56E49B5D}.Debug|Any CPU.ActiveCfg = Debug|Any CPU
		{F0F38B93-3D5D-460F-9071-34DC56E49B5D}.Debug|Any CPU.Build.0 = Debug|Any CPU
		{F0F38B93-3D5D-460F-9071-34DC56E49B5D}.Release|Any CPU.ActiveCfg = Release|Any CPU
		{F0F38B93-3D5D-460F-9071-34DC56E49B5D}.Release|Any CPU.Build.0 = Release|Any CPU
		{64D9ECEC-691E-4BC3-BA76-1875A68203D3}.Debug|Any CPU.ActiveCfg = Debug|Any CPU
		{64D9ECEC-691E-4BC3-BA76-1875A68203D3}.Debug|Any CPU.Build.0 = Debug|Any CPU
		{64D9ECEC-691E-4BC3-BA76-1875A68203D3}.Release|Any CPU.ActiveCfg = Release|Any CPU
		{64D9ECEC-691E-4BC3-BA76-1875A68203D3}.Release|Any CPU.Build.0 = Release|Any CPU
		{73E125CA-8CCE-4469-A6B4-81E9FFBAA5C0}.Debug|Any CPU.ActiveCfg = Debug|Any CPU
		{73E125CA-8CCE-4469-A6B4-81E9FFBAA5C0}.Debug|Any CPU.Build.0 = Debug|Any CPU
		{73E125CA-8CCE-4469-A6B4-81E9FFBAA5C0}.Release|Any CPU.ActiveCfg = Release|Any CPU
		{73E125CA-8CCE-4469-A6B4-81E9FFBAA5C0}.Release|Any CPU.Build.0 = Release|Any CPU
		{3A3A5F3E-BE02-4F05-9A13-30FF8453E41C}.Debug|Any CPU.ActiveCfg = Debug|Any CPU
		{3A3A5F3E-BE02-4F05-9A13-30FF8453E41C}.Debug|Any CPU.Build.0 = Debug|Any CPU
		{3A3A5F3E-BE02-4F05-9A13-30FF8453E41C}.Release|Any CPU.ActiveCfg = Release|Any CPU
		{3A3A5F3E-BE02-4F05-9A13-30FF8453E41C}.Release|Any CPU.Build.0 = Release|Any CPU
		{4D99463D-8107-437E-ABC7-9FA4202BCA4C}.Debug|Any CPU.ActiveCfg = Debug|Any CPU
		{4D99463D-8107-437E-ABC7-9FA4202BCA4C}.Debug|Any CPU.Build.0 = Debug|Any CPU
		{4D99463D-8107-437E-ABC7-9FA4202BCA4C}.Release|Any CPU.ActiveCfg = Release|Any CPU
		{4D99463D-8107-437E-ABC7-9FA4202BCA4C}.Release|Any CPU.Build.0 = Release|Any CPU
		{D1AAB621-E576-4A8D-8126-85B74B12C810}.Debug|Any CPU.ActiveCfg = Debug|Any CPU
		{D1AAB621-E576-4A8D-8126-85B74B12C810}.Debug|Any CPU.Build.0 = Debug|Any CPU
		{D1AAB621-E576-4A8D-8126-85B74B12C810}.Release|Any CPU.ActiveCfg = Release|Any CPU
		{D1AAB621-E576-4A8D-8126-85B74B12C810}.Release|Any CPU.Build.0 = Release|Any CPU
		{C3D330AE-824E-42EE-BA1A-1EB63E726696}.Debug|Any CPU.ActiveCfg = Debug|Any CPU
		{C3D330AE-824E-42EE-BA1A-1EB63E726696}.Debug|Any CPU.Build.0 = Debug|Any CPU
		{C3D330AE-824E-42EE-BA1A-1EB63E726696}.Release|Any CPU.ActiveCfg = Release|Any CPU
		{C3D330AE-824E-42EE-BA1A-1EB63E726696}.Release|Any CPU.Build.0 = Release|Any CPU
		{C4EED96D-3873-45C9-9C42-4F383ABF6F05}.Debug|Any CPU.ActiveCfg = Debug|Any CPU
		{C4EED96D-3873-45C9-9C42-4F383ABF6F05}.Debug|Any CPU.Build.0 = Debug|Any CPU
		{C4EED96D-3873-45C9-9C42-4F383ABF6F05}.Release|Any CPU.ActiveCfg = Release|Any CPU
		{C4EED96D-3873-45C9-9C42-4F383ABF6F05}.Release|Any CPU.Build.0 = Release|Any CPU
		{1368BB65-C47A-4F07-B7BF-E8BD499526B2}.Debug|Any CPU.ActiveCfg = Debug|Any CPU
		{1368BB65-C47A-4F07-B7BF-E8BD499526B2}.Debug|Any CPU.Build.0 = Debug|Any CPU
		{1368BB65-C47A-4F07-B7BF-E8BD499526B2}.Release|Any CPU.ActiveCfg = Release|Any CPU
		{1368BB65-C47A-4F07-B7BF-E8BD499526B2}.Release|Any CPU.Build.0 = Release|Any CPU
		{1B0976A8-9280-4403-8B01-828C17313A10}.Debug|Any CPU.ActiveCfg = Debug|Any CPU
		{1B0976A8-9280-4403-8B01-828C17313A10}.Debug|Any CPU.Build.0 = Debug|Any CPU
		{1B0976A8-9280-4403-8B01-828C17313A10}.Release|Any CPU.ActiveCfg = Release|Any CPU
		{1B0976A8-9280-4403-8B01-828C17313A10}.Release|Any CPU.Build.0 = Release|Any CPU
		{74E19033-AAFE-4550-BE32-62C7EB51C939}.Debug|Any CPU.ActiveCfg = Debug|Any CPU
		{74E19033-AAFE-4550-BE32-62C7EB51C939}.Debug|Any CPU.Build.0 = Debug|Any CPU
		{74E19033-AAFE-4550-BE32-62C7EB51C939}.Release|Any CPU.ActiveCfg = Release|Any CPU
		{74E19033-AAFE-4550-BE32-62C7EB51C939}.Release|Any CPU.Build.0 = Release|Any CPU
		{9D2F8DF0-B13C-4BDE-B9CF-BE033C1A47A3}.Debug|Any CPU.ActiveCfg = Debug|Any CPU
		{9D2F8DF0-B13C-4BDE-B9CF-BE033C1A47A3}.Debug|Any CPU.Build.0 = Debug|Any CPU
		{9D2F8DF0-B13C-4BDE-B9CF-BE033C1A47A3}.Release|Any CPU.ActiveCfg = Release|Any CPU
		{9D2F8DF0-B13C-4BDE-B9CF-BE033C1A47A3}.Release|Any CPU.Build.0 = Release|Any CPU
		{5101E581-CA3F-47D0-90C9-E52DEBB98B95}.Debug|Any CPU.ActiveCfg = Debug|Any CPU
		{5101E581-CA3F-47D0-90C9-E52DEBB98B95}.Debug|Any CPU.Build.0 = Debug|Any CPU
		{5101E581-CA3F-47D0-90C9-E52DEBB98B95}.Release|Any CPU.ActiveCfg = Release|Any CPU
		{5101E581-CA3F-47D0-90C9-E52DEBB98B95}.Release|Any CPU.Build.0 = Release|Any CPU
		{4C08115D-AF41-4CA6-B221-3D042B779910}.Debug|Any CPU.ActiveCfg = Debug|Any CPU
		{4C08115D-AF41-4CA6-B221-3D042B779910}.Debug|Any CPU.Build.0 = Debug|Any CPU
		{4C08115D-AF41-4CA6-B221-3D042B779910}.Release|Any CPU.ActiveCfg = Release|Any CPU
		{4C08115D-AF41-4CA6-B221-3D042B779910}.Release|Any CPU.Build.0 = Release|Any CPU
		{C45E56CE-FEDE-4882-8857-B2260F2A2FD7}.Debug|Any CPU.ActiveCfg = Debug|Any CPU
		{C45E56CE-FEDE-4882-8857-B2260F2A2FD7}.Debug|Any CPU.Build.0 = Debug|Any CPU
		{C45E56CE-FEDE-4882-8857-B2260F2A2FD7}.Release|Any CPU.ActiveCfg = Release|Any CPU
		{C45E56CE-FEDE-4882-8857-B2260F2A2FD7}.Release|Any CPU.Build.0 = Release|Any CPU
		{CAA53B6D-058E-4051-BF37-EC63A383C34B}.Debug|Any CPU.ActiveCfg = Debug|Any CPU
		{CAA53B6D-058E-4051-BF37-EC63A383C34B}.Debug|Any CPU.Build.0 = Debug|Any CPU
		{CAA53B6D-058E-4051-BF37-EC63A383C34B}.Release|Any CPU.ActiveCfg = Release|Any CPU
		{CAA53B6D-058E-4051-BF37-EC63A383C34B}.Release|Any CPU.Build.0 = Release|Any CPU
		{CD9FBF6D-D57D-4090-A8FE-713DB1937021}.Debug|Any CPU.ActiveCfg = Debug|Any CPU
		{CD9FBF6D-D57D-4090-A8FE-713DB1937021}.Debug|Any CPU.Build.0 = Debug|Any CPU
		{CD9FBF6D-D57D-4090-A8FE-713DB1937021}.Release|Any CPU.ActiveCfg = Release|Any CPU
		{CD9FBF6D-D57D-4090-A8FE-713DB1937021}.Release|Any CPU.Build.0 = Release|Any CPU
		{5884A77D-3298-4611-AC39-D72BDB7F8818}.Debug|Any CPU.ActiveCfg = Debug|Any CPU
		{5884A77D-3298-4611-AC39-D72BDB7F8818}.Debug|Any CPU.Build.0 = Debug|Any CPU
		{5884A77D-3298-4611-AC39-D72BDB7F8818}.Release|Any CPU.ActiveCfg = Release|Any CPU
		{5884A77D-3298-4611-AC39-D72BDB7F8818}.Release|Any CPU.Build.0 = Release|Any CPU
		{D54A1CDE-11A1-4ADB-AF95-8BC7529CC42F}.Debug|Any CPU.ActiveCfg = Debug|Any CPU
		{D54A1CDE-11A1-4ADB-AF95-8BC7529CC42F}.Debug|Any CPU.Build.0 = Debug|Any CPU
		{D54A1CDE-11A1-4ADB-AF95-8BC7529CC42F}.Release|Any CPU.ActiveCfg = Release|Any CPU
		{D54A1CDE-11A1-4ADB-AF95-8BC7529CC42F}.Release|Any CPU.Build.0 = Release|Any CPU
		{03742645-0DA1-4966-ABFE-206F78C300AD}.Debug|Any CPU.ActiveCfg = Debug|Any CPU
		{03742645-0DA1-4966-ABFE-206F78C300AD}.Debug|Any CPU.Build.0 = Debug|Any CPU
		{03742645-0DA1-4966-ABFE-206F78C300AD}.Release|Any CPU.ActiveCfg = Release|Any CPU
		{03742645-0DA1-4966-ABFE-206F78C300AD}.Release|Any CPU.Build.0 = Release|Any CPU
	EndGlobalSection
	GlobalSection(SolutionProperties) = preSolution
		HideSolutionNode = FALSE
	EndGlobalSection
	GlobalSection(NestedProjects) = preSolution
		{F0F38B93-3D5D-460F-9071-34DC56E49B5D} = {38AD5232-8F19-4F27-B2C0-BDE98EA1E7BA}
		{64D9ECEC-691E-4BC3-BA76-1875A68203D3} = {38AD5232-8F19-4F27-B2C0-BDE98EA1E7BA}
		{73E125CA-8CCE-4469-A6B4-81E9FFBAA5C0} = {38AD5232-8F19-4F27-B2C0-BDE98EA1E7BA}
		{3A3A5F3E-BE02-4F05-9A13-30FF8453E41C} = {38AD5232-8F19-4F27-B2C0-BDE98EA1E7BA}
		{4D99463D-8107-437E-ABC7-9FA4202BCA4C} = {38AD5232-8F19-4F27-B2C0-BDE98EA1E7BA}
		{D1AAB621-E576-4A8D-8126-85B74B12C810} = {38AD5232-8F19-4F27-B2C0-BDE98EA1E7BA}
		{C3D330AE-824E-42EE-BA1A-1EB63E726696} = {38AD5232-8F19-4F27-B2C0-BDE98EA1E7BA}
		{1B0976A8-9280-4403-8B01-828C17313A10} = {38AD5232-8F19-4F27-B2C0-BDE98EA1E7BA}
		{74E19033-AAFE-4550-BE32-62C7EB51C939} = {36E045ED-754D-4D8F-8419-7A81E8BB102F}
		{9D2F8DF0-B13C-4BDE-B9CF-BE033C1A47A3} = {36E045ED-754D-4D8F-8419-7A81E8BB102F}
		{5101E581-CA3F-47D0-90C9-E52DEBB98B95} = {36E045ED-754D-4D8F-8419-7A81E8BB102F}
		{4C08115D-AF41-4CA6-B221-3D042B779910} = {36E045ED-754D-4D8F-8419-7A81E8BB102F}
		{C45E56CE-FEDE-4882-8857-B2260F2A2FD7} = {36E045ED-754D-4D8F-8419-7A81E8BB102F}
		{CAA53B6D-058E-4051-BF37-EC63A383C34B} = {36E045ED-754D-4D8F-8419-7A81E8BB102F}
		{CD9FBF6D-D57D-4090-A8FE-713DB1937021} = {36E045ED-754D-4D8F-8419-7A81E8BB102F}
		{5884A77D-3298-4611-AC39-D72BDB7F8818} = {36E045ED-754D-4D8F-8419-7A81E8BB102F}
		{D54A1CDE-11A1-4ADB-AF95-8BC7529CC42F} = {36E045ED-754D-4D8F-8419-7A81E8BB102F}
		{03742645-0DA1-4966-ABFE-206F78C300AD} = {36E045ED-754D-4D8F-8419-7A81E8BB102F}
	EndGlobalSection
	GlobalSection(ExtensibilityGlobals) = postSolution
		SolutionGuid = {62407092-C20D-43DF-A754-AB8F1BC671F5}
	EndGlobalSection
EndGlobal
