
Microsoft Visual Studio Solution File, Format Version 12.00
# Visual Studio 15
VisualStudioVersion = 15.0.27703.2047
MinimumVisualStudioVersion = 10.0.40219.1
Project("{FAE04EC0-301F-11D3-BF4B-00C04F79EFBC}") = "Qlik.Sense.RestClient", "Qlik.Sense.RestClient.csproj", "{3D042FDD-12DF-4A2B-AD75-4619FDA94FB9}"
EndProject
Project("{2150E333-8FDC-42A3-9474-1A3956D46DE8}") = "Examples", "Examples", "{99A63F92-5FCA-405E-B1EE-19E381DA0A09}"
EndProject
Project("{FAE04EC0-301F-11D3-BF4B-00C04F79EFBC}") = "BasicConnection", "Examples\BasicConnection\BasicConnection.csproj", "{2FA5F921-17D4-4A29-9E35-0D0DD390BC0F}"
EndProject
Project("{FAE04EC0-301F-11D3-BF4B-00C04F79EFBC}") = "AppUpload", "Examples\AppUpload\AppUpload.csproj", "{7ECA0A2C-A3F3-44C0-A97C-E5D896484ABF}"
EndProject
Project("{FAE04EC0-301F-11D3-BF4B-00C04F79EFBC}") = "CreateStream", "Examples\CreateStream\CreateStream.csproj", "{374AE1BF-7CFA-4A01-8D74-620E0F5E7320}"
EndProject
Project("{FAE04EC0-301F-11D3-BF4B-00C04F79EFBC}") = "BasicConnectionCertificateFromFile", "Examples\BasicConnectionCertificateFromFile\BasicConnectionCertificateFromFile.csproj", "{AC8B9099-907E-43E2-ABEA-3FFD80E54FA7}"
EndProject
Project("{FAE04EC0-301F-11D3-BF4B-00C04F79EFBC}") = "BasicConnectionCertificateFromStore", "Examples\BasicConnectionCertificateFromStore\BasicConnectionCertificateFromStore.csproj", "{4EBE1AED-CF0C-4F46-B97E-A5A6971DF49F}"
EndProject
Project("{FAE04EC0-301F-11D3-BF4B-00C04F79EFBC}") = "PublishApp", "Examples\PublishApp\PublishApp.csproj", "{C9EB0076-4D26-4972-AD78-863472D82EC4}"
EndProject
Global
	GlobalSection(SolutionConfigurationPlatforms) = preSolution
		Debug|Any CPU = Debug|Any CPU
		Release|Any CPU = Release|Any CPU
	EndGlobalSection
	GlobalSection(ProjectConfigurationPlatforms) = postSolution
		{3D042FDD-12DF-4A2B-AD75-4619FDA94FB9}.Debug|Any CPU.ActiveCfg = Debug|Any CPU
		{3D042FDD-12DF-4A2B-AD75-4619FDA94FB9}.Debug|Any CPU.Build.0 = Debug|Any CPU
		{3D042FDD-12DF-4A2B-AD75-4619FDA94FB9}.Release|Any CPU.ActiveCfg = Release|Any CPU
		{3D042FDD-12DF-4A2B-AD75-4619FDA94FB9}.Release|Any CPU.Build.0 = Release|Any CPU
		{2FA5F921-17D4-4A29-9E35-0D0DD390BC0F}.Debug|Any CPU.ActiveCfg = Debug|Any CPU
		{2FA5F921-17D4-4A29-9E35-0D0DD390BC0F}.Debug|Any CPU.Build.0 = Debug|Any CPU
		{2FA5F921-17D4-4A29-9E35-0D0DD390BC0F}.Release|Any CPU.ActiveCfg = Release|Any CPU
		{2FA5F921-17D4-4A29-9E35-0D0DD390BC0F}.Release|Any CPU.Build.0 = Release|Any CPU
		{7ECA0A2C-A3F3-44C0-A97C-E5D896484ABF}.Debug|Any CPU.ActiveCfg = Debug|Any CPU
		{7ECA0A2C-A3F3-44C0-A97C-E5D896484ABF}.Debug|Any CPU.Build.0 = Debug|Any CPU
		{7ECA0A2C-A3F3-44C0-A97C-E5D896484ABF}.Release|Any CPU.ActiveCfg = Release|Any CPU
		{7ECA0A2C-A3F3-44C0-A97C-E5D896484ABF}.Release|Any CPU.Build.0 = Release|Any CPU
		{374AE1BF-7CFA-4A01-8D74-620E0F5E7320}.Debug|Any CPU.ActiveCfg = Debug|Any CPU
		{374AE1BF-7CFA-4A01-8D74-620E0F5E7320}.Debug|Any CPU.Build.0 = Debug|Any CPU
		{374AE1BF-7CFA-4A01-8D74-620E0F5E7320}.Release|Any CPU.ActiveCfg = Release|Any CPU
		{374AE1BF-7CFA-4A01-8D74-620E0F5E7320}.Release|Any CPU.Build.0 = Release|Any CPU
		{AC8B9099-907E-43E2-ABEA-3FFD80E54FA7}.Debug|Any CPU.ActiveCfg = Debug|Any CPU
		{AC8B9099-907E-43E2-ABEA-3FFD80E54FA7}.Debug|Any CPU.Build.0 = Debug|Any CPU
		{AC8B9099-907E-43E2-ABEA-3FFD80E54FA7}.Release|Any CPU.ActiveCfg = Release|Any CPU
		{AC8B9099-907E-43E2-ABEA-3FFD80E54FA7}.Release|Any CPU.Build.0 = Release|Any CPU
		{4EBE1AED-CF0C-4F46-B97E-A5A6971DF49F}.Debug|Any CPU.ActiveCfg = Debug|Any CPU
		{4EBE1AED-CF0C-4F46-B97E-A5A6971DF49F}.Debug|Any CPU.Build.0 = Debug|Any CPU
		{4EBE1AED-CF0C-4F46-B97E-A5A6971DF49F}.Release|Any CPU.ActiveCfg = Release|Any CPU
		{4EBE1AED-CF0C-4F46-B97E-A5A6971DF49F}.Release|Any CPU.Build.0 = Release|Any CPU
		{C9EB0076-4D26-4972-AD78-863472D82EC4}.Debug|Any CPU.ActiveCfg = Debug|Any CPU
		{C9EB0076-4D26-4972-AD78-863472D82EC4}.Debug|Any CPU.Build.0 = Debug|Any CPU
		{C9EB0076-4D26-4972-AD78-863472D82EC4}.Release|Any CPU.ActiveCfg = Release|Any CPU
		{C9EB0076-4D26-4972-AD78-863472D82EC4}.Release|Any CPU.Build.0 = Release|Any CPU
	EndGlobalSection
	GlobalSection(SolutionProperties) = preSolution
		HideSolutionNode = FALSE
	EndGlobalSection
	GlobalSection(NestedProjects) = preSolution
		{2FA5F921-17D4-4A29-9E35-0D0DD390BC0F} = {99A63F92-5FCA-405E-B1EE-19E381DA0A09}
		{7ECA0A2C-A3F3-44C0-A97C-E5D896484ABF} = {99A63F92-5FCA-405E-B1EE-19E381DA0A09}
		{374AE1BF-7CFA-4A01-8D74-620E0F5E7320} = {99A63F92-5FCA-405E-B1EE-19E381DA0A09}
		{AC8B9099-907E-43E2-ABEA-3FFD80E54FA7} = {99A63F92-5FCA-405E-B1EE-19E381DA0A09}
		{4EBE1AED-CF0C-4F46-B97E-A5A6971DF49F} = {99A63F92-5FCA-405E-B1EE-19E381DA0A09}
		{C9EB0076-4D26-4972-AD78-863472D82EC4} = {99A63F92-5FCA-405E-B1EE-19E381DA0A09}
	EndGlobalSection
	GlobalSection(ExtensibilityGlobals) = postSolution
		SolutionGuid = {BBD25572-1A54-41DA-B406-4A94B4EFA211}
	EndGlobalSection
EndGlobal
